{
  "pins" : [
    {
      "identity" : "q20kshare",
      "kind" : "remoteSourceControl",
      "location" : "https://github.com/billdonner/q20kshare",
      "state" : {
        "revision" : "2bcd47714a497538a809c3aee5d421bc8008d897",
        "version" : "0.2.15"
      }
    },
    {
      "identity" : "swift-argument-parser",
      "kind" : "remoteSourceControl",
      "location" : "https://github.com/apple/swift-argument-parser.git",
      "state" : {
        "revision" : "fee6933f37fde9a5e12a1e4aeaa93fe60116ff2a",
        "version" : "1.2.2"
      }
    }
  ],
  "version" : 2
}
